
Microsoft Visual Studio Solution File, Format Version 12.00
# Visual Studio 2013
VisualStudioVersion = 12.0.31101.0
MinimumVisualStudioVersion = 10.0.40219.1
Project("{2150E333-8FDC-42A3-9474-1A3956D46DE8}") = "Data", "Data", "{1E927C44-012B-41C0-88E1-44AE5E830ECF}"
EndProject
Project("{2150E333-8FDC-42A3-9474-1A3956D46DE8}") = "Web", "Web", "{E2AA59F2-91D8-4660-AF9E-E85404F25A39}"
EndProject
Project("{2150E333-8FDC-42A3-9474-1A3956D46DE8}") = "Common", "Common", "{55F33546-185F-48F2-BAEE-9125C6609199}"
EndProject
Project("{FAE04EC0-301F-11D3-BF4B-00C04F79EFBC}") = "OpenMarket.Model", "OpenMarket.Model\OpenMarket.Model.csproj", "{B21E91EE-15D8-47DF-8569-ABC843E4E971}"
EndProject
Project("{FAE04EC0-301F-11D3-BF4B-00C04F79EFBC}") = "OpenMarket.MvcApp", "OpenMarket.MvcApp\OpenMarket.MvcApp.csproj", "{AF7D3360-67A6-4678-81F3-F9F2DB3CD3F1}"
EndProject
Project("{FAE04EC0-301F-11D3-BF4B-00C04F79EFBC}") = "OpenMarket.Data", "OpenMarket.Data\OpenMarket.Data.csproj", "{ED1C4411-5781-47FC-9268-4409FC01FDF7}"
EndProject
Global
	GlobalSection(SolutionConfigurationPlatforms) = preSolution
		Debug|Any CPU = Debug|Any CPU
		Release|Any CPU = Release|Any CPU
	EndGlobalSection
	GlobalSection(ProjectConfigurationPlatforms) = postSolution
		{B21E91EE-15D8-47DF-8569-ABC843E4E971}.Debug|Any CPU.ActiveCfg = Debug|Any CPU
		{B21E91EE-15D8-47DF-8569-ABC843E4E971}.Debug|Any CPU.Build.0 = Debug|Any CPU
		{B21E91EE-15D8-47DF-8569-ABC843E4E971}.Release|Any CPU.ActiveCfg = Release|Any CPU
		{B21E91EE-15D8-47DF-8569-ABC843E4E971}.Release|Any CPU.Build.0 = Release|Any CPU
		{AF7D3360-67A6-4678-81F3-F9F2DB3CD3F1}.Debug|Any CPU.ActiveCfg = Debug|Any CPU
		{AF7D3360-67A6-4678-81F3-F9F2DB3CD3F1}.Debug|Any CPU.Build.0 = Debug|Any CPU
		{AF7D3360-67A6-4678-81F3-F9F2DB3CD3F1}.Release|Any CPU.ActiveCfg = Release|Any CPU
		{AF7D3360-67A6-4678-81F3-F9F2DB3CD3F1}.Release|Any CPU.Build.0 = Release|Any CPU
		{ED1C4411-5781-47FC-9268-4409FC01FDF7}.Debug|Any CPU.ActiveCfg = Debug|Any CPU
		{ED1C4411-5781-47FC-9268-4409FC01FDF7}.Debug|Any CPU.Build.0 = Debug|Any CPU
		{ED1C4411-5781-47FC-9268-4409FC01FDF7}.Release|Any CPU.ActiveCfg = Release|Any CPU
		{ED1C4411-5781-47FC-9268-4409FC01FDF7}.Release|Any CPU.Build.0 = Release|Any CPU
	EndGlobalSection
	GlobalSection(SolutionProperties) = preSolution
		HideSolutionNode = FALSE
	EndGlobalSection
	GlobalSection(NestedProjects) = preSolution
		{B21E91EE-15D8-47DF-8569-ABC843E4E971} = {1E927C44-012B-41C0-88E1-44AE5E830ECF}
		{AF7D3360-67A6-4678-81F3-F9F2DB3CD3F1} = {E2AA59F2-91D8-4660-AF9E-E85404F25A39}
		{ED1C4411-5781-47FC-9268-4409FC01FDF7} = {1E927C44-012B-41C0-88E1-44AE5E830ECF}
	EndGlobalSection
EndGlobal
